Microsoft Visual Studio Solution File, Format Version 12.00
# Visual Studio Version 17
VisualStudioVersion = 17.5.2.0
MinimumVisualStudioVersion = 10.0.40219.1
Project("{FAE04EC0-301F-11D3-BF4B-00C04F79EFBC}") = "TrueDetectWebAPI", "TrueDetectWebAPI.csproj", "{06D050C3-DFBD-7A84-06AC-3B50FBD97410}"
EndProject
Global
	GlobalSection(SolutionConfigurationPlatforms) = preSolution
		Debug|Any CPU = Debug|Any CPU
		Release|Any CPU = Release|Any CPU
	EndGlobalSection
	GlobalSection(ProjectConfigurationPlatforms) = postSolution
		{06D050C3-DFBD-7A84-06AC-3B50FBD97410}.Debug|Any CPU.ActiveCfg = Debug|Any CPU
		{06D050C3-DFBD-7A84-06AC-3B50FBD97410}.Debug|Any CPU.Build.0 = Debug|Any CPU
		{06D050C3-DFBD-7A84-06AC-3B50FBD97410}.Release|Any CPU.ActiveCfg = Release|Any CPU
		{06D050C3-DFBD-7A84-06AC-3B50FBD97410}.Release|Any CPU.Build.0 = Release|Any CPU
	EndGlobalSection
	GlobalSection(SolutionProperties) = preSolution
		HideSolutionNode = FALSE
	EndGlobalSection
	GlobalSection(ExtensibilityGlobals) = postSolution
		SolutionGuid = {E0993C95-5EB9-4438-B13A-5ADB5FF546E6}
	EndGlobalSection
EndGlobal
